
Microsoft Visual Studio Solution File, Format Version 12.00
# Visual Studio 15
VisualStudioVersion = 15.0.28307.168
MinimumVisualStudioVersion = 10.0.40219.1
Project("{FAE04EC0-301F-11D3-BF4B-00C04F79EFBC}") = "cozmoapi", "cozmoapi.csproj", "{7CFA29E4-65E9-49B5-82AE-39CD0E36796C}"
EndProject
Project("{FAE04EC0-301F-11D3-BF4B-00C04F79EFBC}") = "cozmoapiConsole", "..\cozmoapiTest\cozmoapiConsole.csproj", "{20AC9F78-76D8-4226-8EDC-AD5077B49491}"
EndProject
Global
	GlobalSection(SolutionConfigurationPlatforms) = preSolution
		Debug|Any CPU = Debug|Any CPU
		Debug|x86 = Debug|x86
		Release|Any CPU = Release|Any CPU
		Release|x86 = Release|x86
	EndGlobalSection
	GlobalSection(ProjectConfigurationPlatforms) = postSolution
		{7CFA29E4-65E9-49B5-82AE-39CD0E36796C}.Debug|Any CPU.ActiveCfg = Debug|x86
		{7CFA29E4-65E9-49B5-82AE-39CD0E36796C}.Debug|x86.ActiveCfg = Debug|x86
		{7CFA29E4-65E9-49B5-82AE-39CD0E36796C}.Debug|x86.Build.0 = Debug|x86
		{7CFA29E4-65E9-49B5-82AE-39CD0E36796C}.Release|Any CPU.ActiveCfg = Release|x86
		{7CFA29E4-65E9-49B5-82AE-39CD0E36796C}.Release|x86.ActiveCfg = Release|x86
		{7CFA29E4-65E9-49B5-82AE-39CD0E36796C}.Release|x86.Build.0 = Release|x86
		{20AC9F78-76D8-4226-8EDC-AD5077B49491}.Debug|Any CPU.ActiveCfg = Debug|Any CPU
		{20AC9F78-76D8-4226-8EDC-AD5077B49491}.Debug|Any CPU.Build.0 = Debug|Any CPU
		{20AC9F78-76D8-4226-8EDC-AD5077B49491}.Debug|x86.ActiveCfg = Debug|Any CPU
		{20AC9F78-76D8-4226-8EDC-AD5077B49491}.Debug|x86.Build.0 = Debug|Any CPU
		{20AC9F78-76D8-4226-8EDC-AD5077B49491}.Release|Any CPU.ActiveCfg = Release|Any CPU
		{20AC9F78-76D8-4226-8EDC-AD5077B49491}.Release|Any CPU.Build.0 = Release|Any CPU
		{20AC9F78-76D8-4226-8EDC-AD5077B49491}.Release|x86.ActiveCfg = Release|Any CPU
		{20AC9F78-76D8-4226-8EDC-AD5077B49491}.Release|x86.Build.0 = Release|Any CPU
	EndGlobalSection
	GlobalSection(SolutionProperties) = preSolution
		HideSolutionNode = FALSE
	EndGlobalSection
	GlobalSection(ExtensibilityGlobals) = postSolution
		SolutionGuid = {F31AC1D4-37C4-4844-863C-0C4C861B0955}
	EndGlobalSection
EndGlobal
